// !$*UTF8*$!
{
	archiveVersion = 1;
	classes = {
	};
	objectVersion = 50;
	objects = {

/* Begin PBXBuildFile section */
		39485F1DFE7088B0C8F1DBD8 /* Pods_GoogleCalendarAPI.framework in Frameworks */ = {isa = PBXBuildFile; fileRef = 4E5982673D7514DBAC80F020 /* Pods_GoogleCalendarAPI.framework */; };
		6AF4F27B224478D400FF7AA9 /* AppDelegate.swift in Sources */ = {isa = PBXBuildFile; fileRef = 6AF4F27A224478D400FF7AA9 /* AppDelegate.swift */; };
		6AF4F27D224478D400FF7AA9 /* ViewController.swift in Sources */ = {isa = PBXBuildFile; fileRef = 6AF4F27C224478D400FF7AA9 /* ViewController.swift */; };
		6AF4F280224478D400FF7AA9 /* Main.storyboard in Resources */ = {isa = PBXBuildFile; fileRef = 6AF4F27E224478D400FF7AA9 /* Main.storyboard */; };
		6AF4F282224478D500FF7AA9 /* Assets.xcassets in Resources */ = {isa = PBXBuildFile; fileRef = 6AF4F281224478D500FF7AA9 /* Assets.xcassets */; };
		6AF4F285224478D500FF7AA9 /* LaunchScreen.storyboard in Resources */ = {isa = PBXBuildFile; fileRef = 6AF4F283224478D500FF7AA9 /* LaunchScreen.storyboard */; };
/* End PBXBuildFile section */

/* Begin PBXFileReference section */
		4E5982673D7514DBAC80F020 /* Pods_GoogleCalendarAPI.framework */ = {isa = PBXFileReference; explicitFileType = wrapper.framework; includeInIndex = 0; path = Pods_GoogleCalendarAPI.framework; sourceTree = BUILT_PRODUCTS_DIR; };
		6AF4F277224478D400FF7AA9 /* GoogleCalendarAPI.app */ = {isa = PBXFileReference; explicitFileType = wrapper.application; includeInIndex = 0; path = GoogleCalendarAPI.app; sourceTree = BUILT_PRODUCTS_DIR; };
		6AF4F27A224478D400FF7AA9 /* AppDelegate.swift */ = {isa = PBXFileReference; lastKnownFileType = sourcecode.swift; path = AppDelegate.swift; sourceTree = "<group>"; };
		6AF4F27C224478D400FF7AA9 /* ViewController.swift */ = {isa = PBXFileReference; lastKnownFileType = sourcecode.swift; path = ViewController.swift; sourceTree = "<group>"; };
		6AF4F27F224478D400FF7AA9 /* Base */ = {isa = PBXFileReference; lastKnownFileType = file.storyboard; name = Base; path = Base.lproj/Main.storyboard; sourceTree = "<group>"; };
		6AF4F281224478D500FF7AA9 /* Assets.xcassets */ = {isa = PBXFileReference; lastKnownFileType = folder.assetcatalog; path = Assets.xcassets; sourceTree = "<group>"; };
		6AF4F284224478D500FF7AA9 /* Base */ = {isa = PBXFileReference; lastKnownFileType = file.storyboard; name = Base; path = Base.lproj/LaunchScreen.storyboard; sourceTree = "<group>"; };
		6AF4F286224478D500FF7AA9 /* Info.plist */ = {isa = PBXFileReference; lastKnownFileType = text.plist.xml; path = Info.plist; sourceTree = "<group>"; };
		99DE9620678B73DED94E82FF /* Pods-GoogleCalendarAPI.debug.xcconfig */ = {isa = PBXFileReference; includeInIndex = 1; lastKnownFileType = text.xcconfig; name = "Pods-GoogleCalendarAPI.debug.xcconfig"; path = "Target Support Files/Pods-GoogleCalendarAPI/Pods-GoogleCalendarAPI.debug.xcconfig"; sourceTree = "<group>"; };
		FF2E071DB81798EE25B013DE /* Pods-GoogleCalendarAPI.release.xcconfig */ = {isa = PBXFileReference; includeInIndex = 1; lastKnownFileType = text.xcconfig; name = "Pods-GoogleCalendarAPI.release.xcconfig"; path = "Target Support Files/Pods-GoogleCalendarAPI/Pods-GoogleCalendarAPI.release.xcconfig"; sourceTree = "<group>"; };
/* End PBXFileReference section */

/* Begin PBXFrameworksBuildPhase section */
		6AF4F274224478D400FF7AA9 /* Frameworks */ = {
			isa = PBXFrameworksBuildPhase;
			buildActionMask = 2147483647;
			files = (
				39485F1DFE7088B0C8F1DBD8 /* Pods_GoogleCalendarAPI.framework in Frameworks */,
			);
			runOnlyForDeploymentPostprocessing = 0;
		};
/* End PBXFrameworksBuildPhase section */

/* Begin PBXGroup section */
		5B1E1E9F430A1C87D61313C1 /* Pods */ = {
			isa = PBXGroup;
			children = (
				99DE9620678B73DED94E82FF /* Pods-GoogleCalendarAPI.debug.xcconfig */,
				FF2E071DB81798EE25B013DE /* Pods-GoogleCalendarAPI.release.xcconfig */,
			);
			name = Pods;
			path = Pods;
			sourceTree = "<group>";
		};
		6AF4F26E224478D400FF7AA9 = {
			isa = PBXGroup;
			children = (
				6AF4F279224478D400FF7AA9 /* GoogleCalendarAPI */,
				6AF4F278224478D400FF7AA9 /* Products */,
				5B1E1E9F430A1C87D61313C1 /* Pods */,
				D416DF7BF49C9D95B92A06A5 /* Frameworks */,
			);
			sourceTree = "<group>";
		};
		6AF4F278224478D400FF7AA9 /* Products */ = {
			isa = PBXGroup;
			children = (
				6AF4F277224478D400FF7AA9 /* GoogleCalendarAPI.app */,
			);
			name = Products;
			sourceTree = "<group>";
		};
		6AF4F279224478D400FF7AA9 /* GoogleCalendarAPI */ = {
			isa = PBXGroup;
			children = (
				6AF4F27A224478D400FF7AA9 /* AppDelegate.swift */,
				6AF4F27C224478D400FF7AA9 /* ViewController.swift */,
				6AF4F27E224478D400FF7AA9 /* Main.storyboard */,
				6AF4F281224478D500FF7AA9 /* Assets.xcassets */,
				6AF4F283224478D500FF7AA9 /* LaunchScreen.storyboard */,
				6AF4F286224478D500FF7AA9 /* Info.plist */,
			);
			path = GoogleCalendarAPI;
			sourceTree = "<group>";
		};
		D416DF7BF49C9D95B92A06A5 /* Frameworks */ = {
			isa = PBXGroup;
			children = (
				4E5982673D7514DBAC80F020 /* Pods_GoogleCalendarAPI.framework */,
			);
			name = Frameworks;
			sourceTree = "<group>";
		};
/* End PBXGroup section */

/* Begin PBXNativeTarget section */
		6AF4F276224478D400FF7AA9 /* GoogleCalendarAPI */ = {
			isa = PBXNativeTarget;
			buildConfigurationList = 6AF4F289224478D500FF7AA9 /* Build configuration list for PBXNativeTarget "GoogleCalendarAPI" */;
			buildPhases = (
				3892575E17C4BDF6863AC46B /* [CP] Check Pods Manifest.lock */,
				6AF4F273224478D400FF7AA9 /* Sources */,
				6AF4F274224478D400FF7AA9 /* Frameworks */,
				6AF4F275224478D400FF7AA9 /* Resources */,
				979038D0125381A8003ADF9A /* [CP] Embed Pods Frameworks */,
			);
			buildRules = (
			);
			dependencies = (
			);
			name = GoogleCalendarAPI;
			productName = GoogleCalendarAPI;
			productReference = 6AF4F277224478D400FF7AA9 /* GoogleCalendarAPI.app */;
			productType = "com.apple.product-type.application";
		};
/* End PBXNativeTarget section */

/* Begin PBXProject section */
		6AF4F26F224478D400FF7AA9 /* Project object */ = {
			isa = PBXProject;
			attributes = {
				LastSwiftUpdateCheck = 0940;
				LastUpgradeCheck = 0940;
				ORGANIZATIONNAME = "Yuri ichihara";
				TargetAttributes = {
					6AF4F276224478D400FF7AA9 = {
						CreatedOnToolsVersion = 9.4.1;
					};
				};
			};
			buildConfigurationList = 6AF4F272224478D400FF7AA9 /* Build configuration list for PBXProject "GoogleCalendarAPI" */;
			compatibilityVersion = "Xcode 9.3";
			developmentRegion = en;
			hasScannedForEncodings = 0;
			knownRegions = (
				en,
				Base,
			);
			mainGroup = 6AF4F26E224478D400FF7AA9;
			productRefGroup = 6AF4F278224478D400FF7AA9 /* Products */;
			projectDirPath = "";
			projectRoot = "";
			targets = (
				6AF4F276224478D400FF7AA9 /* GoogleCalendarAPI */,
			);
		};
/* End PBXProject section */

/* Begin PBXResourcesBuildPhase section */
		6AF4F275224478D400FF7AA9 /* Resources */ = {
			isa = PBXResourcesBuildPhase;
			buildActionMask = 2147483647;
			files = (
				6AF4F285224478D500FF7AA9 /* LaunchScreen.storyboard in Resources */,
				6AF4F282224478D500FF7AA9 /* Assets.xcassets in Resources */,
				6AF4F280224478D400FF7AA9 /* Main.storyboard in Resources */,
			);
			runOnlyForDeploymentPostprocessing = 0;
		};
/* End PBXResourcesBuildPhase section */

/* Begin PBXShellScriptBuildPhase section */
		3892575E17C4BDF6863AC46B /* [CP] Check Pods Manifest.lock */ = {
			isa = PBXShellScriptBuildPhase;
			buildActionMask = 2147483647;
			files = (
			);
			inputFileListPaths = (
			);
			inputPaths = (
				"${PODS_PODFILE_DIR_PATH}/Podfile.lock",
				"${PODS_ROOT}/Manifest.lock",
			);
			name = "[CP] Check Pods Manifest.lock";
			outputFileListPaths = (
			);
			outputPaths = (
				"$(DERIVED_FILE_DIR)/Pods-GoogleCalendarAPI-checkManifestLockResult.txt",
			);
			runOnlyForDeploymentPostprocessing = 0;
			shellPath = /bin/sh;
			shellScript = "diff \"${PODS_PODFILE_DIR_PATH}/Podfile.lock\" \"${PODS_ROOT}/Manifest.lock\" > /dev/null\nif [ $? != 0 ] ; then\n    # print error to STDERR\n    echo \"error: The sandbox is not in sync with the Podfile.lock. Run 'pod install' or update your CocoaPods installation.\" >&2\n    exit 1\nfi\n# This output is used by Xcode 'outputs' to avoid re-running this script phase.\necho \"SUCCESS\" > \"${SCRIPT_OUTPUT_FILE_0}\"\n";
			showEnvVarsInLog = 0;
		};
		979038D0125381A8003ADF9A /* [CP] Embed Pods Frameworks */ = {
			isa = PBXShellScriptBuildPhase;
			buildActionMask = 2147483647;
			files = (
			);
			inputFileListPaths = (
			);
			inputPaths = (
				"${PODS_ROOT}/Target Support Files/Pods-GoogleCalendarAPI/Pods-GoogleCalendarAPI-frameworks.sh",
				"${BUILT_PRODUCTS_DIR}/Alamofire/Alamofire.framework",
				"${BUILT_PRODUCTS_DIR}/AppAuth/AppAuth.framework",
				"${BUILT_PRODUCTS_DIR}/GTMAppAuth/GTMAppAuth.framework",
				"${BUILT_PRODUCTS_DIR}/GTMSessionFetcher/GTMSessionFetcher.framework",
				"${BUILT_PRODUCTS_DIR}/GoogleAPIClientForREST/GoogleAPIClientForREST.framework",
				"${BUILT_PRODUCTS_DIR}/SwiftyJSON/SwiftyJSON.framework",
			);
			name = "[CP] Embed Pods Frameworks";
			outputFileListPaths = (
			);
			outputPaths = (
				"${TARGET_BUILD_DIR}/${FRAMEWORKS_FOLDER_PATH}/Alamofire.framework",
				"${TARGET_BUILD_DIR}/${FRAMEWORKS_FOLDER_PATH}/AppAuth.framework",
				"${TARGET_BUILD_DIR}/${FRAMEWORKS_FOLDER_PATH}/GTMAppAuth.framework",
				"${TARGET_BUILD_DIR}/${FRAMEWORKS_FOLDER_PATH}/GTMSessionFetcher.framework",
				"${TARGET_BUILD_DIR}/${FRAMEWORKS_FOLDER_PATH}/GoogleAPIClientForREST.framework",
				"${TARGET_BUILD_DIR}/${FRAMEWORKS_FOLDER_PATH}/SwiftyJSON.framework",
			);
			runOnlyForDeploymentPostprocessing = 0;
			shellPath = /bin/sh;
			shellScript = "\"${PODS_ROOT}/Target Support Files/Pods-GoogleCalendarAPI/Pods-GoogleCalendarAPI-frameworks.sh\"\n";
			showEnvVarsInLog = 0;
		};
/* End PBXShellScriptBuildPhase section */

/* Begin PBXSourcesBuildPhase section */
		6AF4F273224478D400FF7AA9 /* Sources */ = {
			isa = PBXSourcesBuildPhase;
			buildActionMask = 2147483647;
			files = (
				6AF4F27D224478D400FF7AA9 /* ViewController.swift in Sources */,
				6AF4F27B224478D400FF7AA9 /* AppDelegate.swift in Sources */,
			);
			runOnlyForDeploymentPostprocessing = 0;
		};
/* End PBXSourcesBuildPhase section */

/* Begin PBXVariantGroup section */
		6AF4F27E224478D400FF7AA9 /* Main.storyboard */ = {
			isa = PBXVariantGroup;
			children = (
				6AF4F27F224478D400FF7AA9 /* Base */,
			);
			name = Main.storyboard;
			sourceTree = "<group>";
		};
		6AF4F283224478D500FF7AA9 /* LaunchScreen.storyboard */ = {
			isa = PBXVariantGroup;
			children = (
				6AF4F284224478D500FF7AA9 /* Base */,
			);
			name = LaunchScreen.storyboard;
			sourceTree = "<group>";
		};
/* End PBXVariantGroup section */

/* Begin XCBuildConfiguration section */
		6AF4F287224478D500FF7AA9 /* Debug */ = {
			isa = XCBuildConfiguration;
			buildSettings = {
				ALWAYS_SEARCH_USER_PATHS = NO;
				CLANG_ANALYZER_NONNULL = YES;
				CLANG_ANALYZER_NUMBER_OBJECT_CONVERSION = YES_AGGRESSIVE;
				CLANG_CXX_LANGUAGE_STANDARD = "gnu++14";
				CLANG_CXX_LIBRARY = "libc++";
				CLANG_ENABLE_MODULES = YES;
				CLANG_ENABLE_OBJC_ARC = YES;
				CLANG_ENABLE_OBJC_WEAK = YES;
				CLANG_WARN_BLOCK_CAPTURE_AUTORELEASING = YES;
				CLANG_WARN_BOOL_CONVERSION = YES;
				CLANG_WARN_COMMA = YES;
				CLANG_WARN_CONSTANT_CONVERSION = YES;
				CLANG_WARN_DEPRECATED_OBJC_IMPLEMENTATIONS = YES;
				CLANG_WARN_DIRECT_OBJC_ISA_USAGE = YES_ERROR;
				CLANG_WARN_DOCUMENTATION_COMMENTS = YES;
				CLANG_WARN_EMPTY_BODY = YES;
				CLANG_WARN_ENUM_CONVERSION = YES;
				CLANG_WARN_INFINITE_RECURSION = YES;
				CLANG_WARN_INT_CONVERSION = YES;
				CLANG_WARN_NON_LITERAL_NULL_CONVERSION = YES;
				CLANG_WARN_OBJC_IMPLICIT_RETAIN_SELF = YES;
				CLANG_WARN_OBJC_LITERAL_CONVERSION = YES;
				CLANG_WARN_OBJC_ROOT_CLASS = YES_ERROR;
				CLANG_WARN_RANGE_LOOP_ANALYSIS = YES;
				CLANG_WARN_STRICT_PROTOTYPES = YES;
				CLANG_WARN_SUSPICIOUS_MOVE = YES;
				CLANG_WARN_UNGUARDED_AVAILABILITY = YES_AGGRESSIVE;
				CLANG_WARN_UNREACHABLE_CODE = YES;
				CLANG_WARN__DUPLICATE_METHOD_MATCH = YES;
				CODE_SIGN_IDENTITY = "iPhone Developer";
				COPY_PHASE_STRIP = NO;
				DEBUG_INFORMATION_FORMAT = dwarf;
				ENABLE_STRICT_OBJC_MSGSEND = YES;
				ENABLE_TESTABILITY = YES;
				GCC_C_LANGUAGE_STANDARD = gnu11;
				GCC_DYNAMIC_NO_PIC = NO;
				GCC_NO_COMMON_BLOCKS = YES;
				GCC_OPTIMIZATION_LEVEL = 0;
				GCC_PREPROCESSOR_DEFINITIONS = (
					"DEBUG=1",
					"$(inherited)",
				);
				GCC_WARN_64_TO_32_BIT_CONVERSION = YES;
				GCC_WARN_ABOUT_RETURN_TYPE = YES_ERROR;
				GCC_WARN_UNDECLARED_SELECTOR = YES;
				GCC_WARN_UNINITIALIZED_AUTOS = YES_AGGRESSIVE;
				GCC_WARN_UNUSED_FUNCTION = YES;
				GCC_WARN_UNUSED_VARIABLE = YES;
				IPHONEOS_DEPLOYMENT_TARGET = 11.4;
				MTL_ENABLE_DEBUG_INFO = YES;
				ONLY_ACTIVE_ARCH = YES;
				SDKROOT = iphoneos;
				SWIFT_ACTIVE_COMPILATION_CONDITIONS = DEBUG;
				SWIFT_OPTIMIZATION_LEVEL = "-Onone";
			};
			name = Debug;
		};
		6AF4F288224478D500FF7AA9 /* Release */ = {
			isa = XCBuildConfiguration;
			buildSettings = {
				ALWAYS_SEARCH_USER_PATHS = NO;
				CLANG_ANALYZER_NONNULL = YES;
				CLANG_ANALYZER_NUMBER_OBJECT_CONVERSION = YES_AGGRESSIVE;
				CLANG_CXX_LANGUAGE_STANDARD = "gnu++14";
				CLANG_CXX_LIBRARY = "libc++";
				CLANG_ENABLE_MODULES = YES;
				CLANG_ENABLE_OBJC_ARC = YES;
				CLANG_ENABLE_OBJC_WEAK = YES;
				CLANG_WARN_BLOCK_CAPTURE_AUTORELEASING = YES;
				CLANG_WARN_BOOL_CONVERSION = YES;
				CLANG_WARN_COMMA = YES;
				CLANG_WARN_CONSTANT_CONVERSION = YES;
				CLANG_WARN_DEPRECATED_OBJC_IMPLEMENTATIONS = YES;
				CLANG_WARN_DIRECT_OBJC_ISA_USAGE = YES_ERROR;
				CLANG_WARN_DOCUMENTATION_COMMENTS = YES;
				CLANG_WARN_EMPTY_BODY = YES;
				CLANG_WARN_ENUM_CONVERSION = YES;
				CLANG_WARN_INFINITE_RECURSION = YES;
				CLANG_WARN_INT_CONVERSION = YES;
				CLANG_WARN_NON_LITERAL_NULL_CONVERSION = YES;
				CLANG_WARN_OBJC_IMPLICIT_RETAIN_SELF = YES;
				CLANG_WARN_OBJC_LITERAL_CONVERSION = YES;
				CLANG_WARN_OBJC_ROOT_CLASS = YES_ERROR;
				CLANG_WARN_RANGE_LOOP_ANALYSIS = YES;
				CLANG_WARN_STRICT_PROTOTYPES = YES;
				CLANG_WARN_SUSPICIOUS_MOVE = YES;
				CLANG_WARN_UNGUARDED_AVAILABILITY = YES_AGGRESSIVE;
				CLANG_WARN_UNREACHABLE_CODE = YES;
				CLANG_WARN__DUPLICATE_METHOD_MATCH = YES;
				CODE_SIGN_IDENTITY = "iPhone Developer";
				COPY_PHASE_STRIP = NO;
				DEBUG_INFORMATION_FORMAT = "dwarf-with-dsym";
				ENABLE_NS_ASSERTIONS = NO;
				ENABLE_STRICT_OBJC_MSGSEND = YES;
				GCC_C_LANGUAGE_STANDARD = gnu11;
				GCC_NO_COMMON_BLOCKS = YES;
				GCC_WARN_64_TO_32_BIT_CONVERSION = YES;
				GCC_WARN_ABOUT_RETURN_TYPE = YES_ERROR;
				GCC_WARN_UNDECLARED_SELECTOR = YES;
				GCC_WARN_UNINITIALIZED_AUTOS = YES_AGGRESSIVE;
				GCC_WARN_UNUSED_FUNCTION = YES;
				GCC_WARN_UNUSED_VARIABLE = YES;
				IPHONEOS_DEPLOYMENT_TARGET = 11.4;
				MTL_ENABLE_DEBUG_INFO = NO;
				SDKROOT = iphoneos;
				SWIFT_COMPILATION_MODE = wholemodule;
				SWIFT_OPTIMIZATION_LEVEL = "-O";
				VALIDATE_PRODUCT = YES;
			};
			name = Release;
		};
		6AF4F28A224478D500FF7AA9 /* Debug */ = {
			isa = XCBuildConfiguration;
			baseConfigurationReference = 99DE9620678B73DED94E82FF /* Pods-GoogleCalendarAPI.debug.xcconfig */;
			buildSettings = {
				ASSETCATALOG_COMPILER_APPICON_NAME = AppIcon;
				CODE_SIGN_STYLE = Automatic;
				DEVELOPMENT_TEAM = 39G96FFRB5;
				INFOPLIST_FILE = GoogleCalendarAPI/Info.plist;
				LD_RUNPATH_SEARCH_PATHS = (
					"$(inherited)",
					"@executable_path/Frameworks",
				);
				PRODUCT_BUNDLE_IDENTIFIER = "jp.softbank.i.yi-ichi311.GoogleCalendarAPI";
				PRODUCT_NAME = "$(TARGET_NAME)";
				SWIFT_VERSION = 4.0;
				TARGETED_DEVICE_FAMILY = "1,2";
			};
			name = Debug;
		};
		6AF4F28B224478D500FF7AA9 /* Release */ = {
			isa = XCBuildConfiguration;
			baseConfigurationReference = FF2E071DB81798EE25B013DE /* Pods-GoogleCalendarAPI.release.xcconfig */;
			buildSettings = {
				ASSETCATALOG_COMPILER_APPICON_NAME = AppIcon;
				CODE_SIGN_STYLE = Automatic;
				DEVELOPMENT_TEAM = 39G96FFRB5;
				INFOPLIST_FILE = GoogleCalendarAPI/Info.plist;
				LD_RUNPATH_SEARCH_PATHS = (
					"$(inherited)",
					"@executable_path/Frameworks",
				);
				PRODUCT_BUNDLE_IDENTIFIER = "jp.softbank.i.yi-ichi311.GoogleCalendarAPI";
				PRODUCT_NAME = "$(TARGET_NAME)";
				SWIFT_VERSION = 4.0;
				TARGETED_DEVICE_FAMILY = "1,2";
			};
			name = Release;
		};
/* End XCBuildConfiguration section */

/* Begin XCConfigurationList section */
		6AF4F272224478D400FF7AA9 /* Build configuration list for PBXProject "GoogleCalendarAPI" */ = {
			isa = XCConfigurationList;
			buildConfigurations = (
				6AF4F287224478D500FF7AA9 /* Debug */,
				6AF4F288224478D500FF7AA9 /* Release */,
			);
			defaultConfigurationIsVisible = 0;
			defaultConfigurationName = Release;
		};
		6AF4F289224478D500FF7AA9 /* Build configuration list for PBXNativeTarget "GoogleCalendarAPI" */ = {
			isa = XCConfigurationList;
			buildConfigurations = (
				6AF4F28A224478D500FF7AA9 /* Debug */,
				6AF4F28B224478D500FF7AA9 /* Release */,
			);
			defaultConfigurationIsVisible = 0;
			defaultConfigurationName = Release;
		};
/* End XCConfigurationList section */
	};
	rootObject = 6AF4F26F224478D400FF7AA9 /* Project object */;
}
